{
    "_readme": [
        "This file locks the dependencies of your project to a known state",
        "Read more about it at https://getcomposer.org/doc/01-basic-usage.md#installing-dependencies",
        "This file is @generated automatically"
    ],
    "content-hash": "8d88621a3638a95e21203276cfec5410",
    "packages": [
        {
            "name": "artecfeng/tpredis",
            "version": "v1.0",
            "source": {
                "type": "git",
                "url": "https://github.com/artecfeng/tpredis.git",
                "reference": "e20ef8787077e98c5ce7a1a0d3f376c197014d4b"
            },
            "dist": {
                "type": "zip",
                "url": "https://api.github.com/repos/artecfeng/tpredis/zipball/e20ef8787077e98c5ce7a1a0d3f376c197014d4b",
                "reference": "e20ef8787077e98c5ce7a1a0d3f376c197014d4b",
                "shasum": "",
                "mirrors": [
                    {
                        "url": "https://dl.laravel-china.org/%package%/%reference%.%type%",
                        "preferred": true
                    }
                ]
            },
            "require": {
                "artecfeng/tpredis": "^1.0"
            },
            "type": "library",
            "autoload": {
                "psr-4": {
                    "artecfeng\\tpredis\\": [
                        "src/"
                    ]
                }
            },
            "notification-url": "https://packagist.org/downloads/",
            "license": [
                "MIT"
            ],
            "authors": [
                {
                    "name": "冯腾举",
                    "email": "824431999@qq.com"
                }
            ],
            "description": "thinkphp5 redis类库",
            "time": "2018-09-05T08:45:31+00:00"
        },
        {
            "name": "casbin/casbin",
            "version": "v0.1.6",
            "source": {
                "type": "git",
                "url": "https://github.com/php-casbin/php-casbin.git",
                "reference": "749bfdeab78a554c89880175f3209e06e6ff06c5"
            },
            "dist": {
                "type": "zip",
                "url": "https://api.github.com/repos/php-casbin/php-casbin/zipball/749bfdeab78a554c89880175f3209e06e6ff06c5",
                "reference": "749bfdeab78a554c89880175f3209e06e6ff06c5",
                "shasum": "",
                "mirrors": [
                    {
                        "url": "https://dl.laravel-china.org/%package%/%reference%.%type%",
                        "preferred": true
                    }
                ]
            },
            "require": {
                "php": ">=5.6.0",
                "s1lentium/iptools": "^1.1",
                "symfony/expression-language": "^2.8"
            },
            "require-dev": {
                "php-coveralls/php-coveralls": "^2.1",
                "phpunit/phpunit": "~5.7"
            },
            "type": "library",
            "autoload": {
                "psr-4": {
                    "Casbin\\": "src/"
                }
            },
            "notification-url": "https://packagist.org/downloads/",
            "license": [
                "Apache-2.0"
            ],
            "authors": [
                {
                    "name": "TechLee",
                    "email": "techlee@qq.com"
                }
            ],
            "description": "a powerful and efficient open-source access control library for php projects.",
            "keywords": [
                "access control",
                "acl",
                "casbin",
                "rbac"
            ],
            "time": "2019-01-04T09:13:27+00:00"
        },
        {
            "name": "casbin/think-adapter",
            "version": "v0.3",
            "source": {
                "type": "git",
                "url": "https://github.com/php-casbin/think-casbin.git",
                "reference": "13c500f228f119d63f440492041010a58c035eff"
            },
            "dist": {
                "type": "zip",
                "url": "https://api.github.com/repos/php-casbin/think-casbin/zipball/13c500f228f119d63f440492041010a58c035eff",
                "reference": "13c500f228f119d63f440492041010a58c035eff",
                "shasum": "",
                "mirrors": [
                    {
                        "url": "https://dl.laravel-china.org/%package%/%reference%.%type%",
                        "preferred": true
                    }
                ]
            },
            "require": {
                "casbin/casbin": "0.*",
                "topthink/think-migration": "^2.0"
            },
            "type": "library",
            "autoload": {
                "psr-4": {
                    "CasbinAdapter\\Think\\": "src/"
                },
                "files": [
                    "helper.php"
                ]
            },
            "notification-url": "https://packagist.org/downloads/",
            "license": [
                "Apache-2.0"
            ],
            "authors": [
                {
                    "name": "TechLee",
                    "email": "techlee@qq.com"
                }
            ],
            "description": "Use casbin in thinkphp. ",
            "keywords": [
                "casbin",
                "casbin-adapter",
                "database",
                "thinkphp"
            ],
            "time": "2019-01-02T16:12:34+00:00"
        },
        {
            "name": "s1lentium/iptools",
            "version": "v1.1.1",
            "source": {
                "type": "git",
                "url": "https://github.com/S1lentium/IPTools.git",
                "reference": "f6f8ab6132ca7443bd7cced1681f5066d725fd5f"
            },
            "dist": {
                "type": "zip",
                "url": "https://api.github.com/repos/S1lentium/IPTools/zipball/f6f8ab6132ca7443bd7cced1681f5066d725fd5f",
                "reference": "f6f8ab6132ca7443bd7cced1681f5066d725fd5f",
                "shasum": "",
                "mirrors": [
                    {
                        "url": "https://dl.laravel-china.org/%package%/%reference%.%type%",
                        "preferred": true
                    }
                ]
            },
            "require": {
                "ext-bcmath": "*",
                "php": ">=5.4.0"
            },
            "require-dev": {
                "phpunit/phpunit": "~4.0",
                "satooshi/php-coveralls": "~1.0"
            },
            "type": "library",
            "autoload": {
                "psr-4": {
                    "IPTools\\": "src/"
                }
            },
            "notification-url": "https://packagist.org/downloads/",
            "license": [
                "MIT"
            ],
            "authors": [
                {
                    "name": "Safarov Alisher",
                    "email": "alisher.safarov@outlook.com",
                    "homepage": "https://github.com/S1lentium"
                }
            ],
            "description": "PHP Library for manipulating network addresses (IPv4 and IPv6)",
            "keywords": [
                "IP",
                "IP-Tools",
                "cidr",
                "ipv4",
                "ipv6",
                "network",
                "subnet"
            ],
            "time": "2018-09-19T06:15:53+00:00"
        },
        {
            "name": "symfony/expression-language",
            "version": "v2.8.49",
            "source": {
                "type": "git",
                "url": "https://github.com/symfony/expression-language.git",
                "reference": "fa9be1b831859b56d244137fabbfd01a46dbdb36"
            },
            "dist": {
                "type": "zip",
                "url": "https://api.github.com/repos/symfony/expression-language/zipball/fa9be1b831859b56d244137fabbfd01a46dbdb36",
                "reference": "fa9be1b831859b56d244137fabbfd01a46dbdb36",
                "shasum": "",
                "mirrors": [
                    {
                        "url": "https://dl.laravel-china.org/%package%/%reference%.%type%",
                        "preferred": true
                    }
                ]
            },
            "require": {
                "php": ">=5.3.9"
            },
            "type": "library",
            "extra": {
                "branch-alias": {
                    "dev-master": "2.8-dev"
                }
            },
            "autoload": {
                "psr-4": {
                    "Symfony\\Component\\ExpressionLanguage\\": ""
                },
                "exclude-from-classmap": [
                    "/Tests/"
                ]
            },
            "notification-url": "https://packagist.org/downloads/",
            "license": [
                "MIT"
            ],
            "authors": [
                {
                    "name": "Fabien Potencier",
                    "email": "fabien@symfony.com"
                },
                {
                    "name": "Symfony Community",
                    "homepage": "https://symfony.com/contributors"
                }
            ],
            "description": "Symfony ExpressionLanguage Component",
            "homepage": "https://symfony.com",
            "time": "2018-11-11T11:18:13+00:00"
        },
        {
            "name": "terranc/blade",
            "version": "0.1.0",
            "source": {
                "type": "git",
                "url": "https://github.com/terranc/blade.git",
                "reference": "e6a879aaa1b45c7f779a69d4831db2f7e6d66e73"
            },
            "dist": {
                "type": "zip",
                "url": "https://api.github.com/repos/terranc/blade/zipball/e6a879aaa1b45c7f779a69d4831db2f7e6d66e73",
                "reference": "e6a879aaa1b45c7f779a69d4831db2f7e6d66e73",
                "shasum": "",
                "mirrors": [
                    {
                        "url": "https://dl.laravel-china.org/%package%/%reference%.%type%",
                        "preferred": true
                    }
                ]
            },
            "require": {
                "php": ">=5.4.0"
            },
            "type": "library",
            "autoload": {
                "files": [
                    "src/helpers.php"
                ],
                "psr-4": {
                    "terranc\\Blade\\": "src/"
                }
            },
            "notification-url": "https://packagist.org/downloads/",
            "license": [
                "MIT"
            ],
            "authors": [
                {
                    "name": "terranc",
                    "email": "terran.chao@lookfeel.co"
                }
            ],
            "description": "an independent version of laravel view template - blade",
            "homepage": "http://0x1.im",
            "time": "2017-02-04T05:29:43+00:00"
        },
        {
            "name": "terranc/think-blade",
            "version": "1.1.1",
            "source": {
                "type": "git",
                "url": "https://github.com/terranc/think-blade.git",
                "reference": "4a9e3fcb92c6da2f3ae7226de36781bd0132383c"
            },
            "dist": {
                "type": "zip",
                "url": "https://api.github.com/repos/terranc/think-blade/zipball/4a9e3fcb92c6da2f3ae7226de36781bd0132383c",
                "reference": "4a9e3fcb92c6da2f3ae7226de36781bd0132383c",
                "shasum": "",
                "mirrors": [
                    {
                        "url": "https://dl.laravel-china.org/%package%/%reference%.%type%",
                        "preferred": true
                    }
                ]
            },
            "require": {
                "php": ">=5.4.0",
                "terranc/blade": "^0.1"
            },
            "type": "library",
            "autoload": {
                "classmap": [
                    {
                        "think\\view\\driver\\Blade": "drivers/thinkphp5/Blade.php"
                    }
                ]
            },
            "notification-url": "https://packagist.org/downloads/",
            "license": [
                "Apache-2.0"
            ],
            "authors": [
                {
                    "name": "terranc",
                    "email": "terran.chao@lookfeel.co"
                }
            ],
            "description": "think blade view engine",
            "time": "2018-12-27T03:41:28+00:00"
        },
        {
            "name": "topthink/framework",
            "version": "v5.1.32",
            "source": {
                "type": "git",
                "url": "https://github.com/top-think/framework.git",
                "reference": "88a2ab625b35e047896718db320e08375cf021da"
            },
            "dist": {
                "type": "zip",
                "url": "https://api.github.com/repos/top-think/framework/zipball/88a2ab625b35e047896718db320e08375cf021da",
                "reference": "88a2ab625b35e047896718db320e08375cf021da",
                "shasum": "",
                "mirrors": [
                    {
                        "url": "https://dl.laravel-china.org/%package%/%reference%.%type%",
                        "preferred": true
                    }
                ]
            },
            "require": {
                "php": ">=5.6.0",
                "topthink/think-installer": "2.*"
            },
            "require-dev": {
                "johnkary/phpunit-speedtrap": "^1.0",
                "mikey179/vfsstream": "~1.6",
                "phpdocumentor/reflection-docblock": "^2.0",
                "phploc/phploc": "2.*",
                "phpunit/phpunit": "^5.0|^6.0",
                "sebastian/phpcpd": "2.*",
                "squizlabs/php_codesniffer": "2.*"
            },
            "type": "think-framework",
            "notification-url": "https://packagist.org/downloads/",
            "license": [
                "Apache-2.0"
            ],
            "authors": [
                {
                    "name": "liu21st",
                    "email": "liu21st@gmail.com"
                },
                {
                    "name": "yunwuxin",
                    "email": "448901948@qq.com"
                }
            ],
            "description": "the new thinkphp framework",
            "homepage": "http://thinkphp.cn/",
            "keywords": [
                "framework",
                "orm",
                "thinkphp"
            ],
            "time": "2018-12-23T13:42:11+00:00"
        },
        {
            "name": "topthink/think-helper",
            "version": "v1.0.7",
            "source": {
                "type": "git",
                "url": "https://github.com/top-think/think-helper.git",
                "reference": "5f92178606c8ce131d36b37a57c58eb71e55f019"
            },
            "dist": {
                "type": "zip",
                "url": "https://api.github.com/repos/top-think/think-helper/zipball/5f92178606c8ce131d36b37a57c58eb71e55f019",
                "reference": "5f92178606c8ce131d36b37a57c58eb71e55f019",
                "shasum": "",
                "mirrors": [
                    {
                        "url": "https://dl.laravel-china.org/%package%/%reference%.%type%",
                        "preferred": true
                    }
                ]
            },
            "type": "library",
            "autoload": {
                "psr-4": {
                    "think\\helper\\": "src"
                },
                "files": [
                    "src/helper.php"
                ]
            },
            "notification-url": "https://packagist.org/downloads/",
            "license": [
                "Apache-2.0"
            ],
            "authors": [
                {
                    "name": "yunwuxin",
                    "email": "448901948@qq.com"
                }
            ],
            "description": "The ThinkPHP5 Helper Package",
            "time": "2018-10-05T00:43:21+00:00"
        },
        {
            "name": "topthink/think-installer",
            "version": "v2.0.0",
            "source": {
                "type": "git",
                "url": "https://github.com/top-think/think-installer.git",
                "reference": "f5400a12c60e513911aef41fe443fa6920952675"
            },
            "dist": {
                "type": "zip",
                "url": "https://api.github.com/repos/top-think/think-installer/zipball/f5400a12c60e513911aef41fe443fa6920952675",
                "reference": "f5400a12c60e513911aef41fe443fa6920952675",
                "shasum": "",
                "mirrors": [
                    {
                        "url": "https://dl.laravel-china.org/%package%/%reference%.%type%",
                        "preferred": true
                    }
                ]
            },
            "require": {
                "composer-plugin-api": "^1.0"
            },
            "require-dev": {
                "composer/composer": "1.0.*@dev"
            },
            "type": "composer-plugin",
            "extra": {
                "class": "think\\composer\\Plugin"
            },
            "autoload": {
                "psr-4": {
                    "think\\composer\\": "src"
                }
            },
            "notification-url": "https://packagist.org/downloads/",
            "license": [
                "Apache-2.0"
            ],
            "authors": [
                {
                    "name": "yunwuxin",
                    "email": "448901948@qq.com"
                }
            ],
            "time": "2018-05-11T06:45:42+00:00"
        },
        {
            "name": "topthink/think-migration",
            "version": "v2.0.3",
            "source": {
                "type": "git",
                "url": "https://github.com/top-think/think-migration.git",
                "reference": "70c89850ca29c2eab988c7c3475d1d5331901bb8"
            },
            "dist": {
                "type": "zip",
                "url": "https://api.github.com/repos/top-think/think-migration/zipball/70c89850ca29c2eab988c7c3475d1d5331901bb8",
                "reference": "70c89850ca29c2eab988c7c3475d1d5331901bb8",
                "shasum": "",
                "mirrors": [
                    {
                        "url": "https://dl.laravel-china.org/%package%/%reference%.%type%",
                        "preferred": true
                    }
                ]
            },
            "require": {
                "topthink/framework": "5.1.*"
            },
            "type": "library",
            "autoload": {
                "psr-4": {
                    "Phinx\\": "phinx/src/Phinx",
                    "think\\migration\\": "src"
                },
                "files": [
                    "src/config.php"
                ]
            },
            "notification-url": "https://packagist.org/downloads/",
            "license": [
                "Apache-2.0"
            ],
            "authors": [
                {
                    "name": "yunwuxin",
                    "email": "448901948@qq.com"
                }
            ],
            "time": "2017-12-31T16:32:22+00:00"
        },
        {
            "name": "weiwei/api-doc",
            "version": "1.6.1",
            "source": {
                "type": "git",
                "url": "https://github.com/zhangweiwei0326/api-doc.git",
                "reference": "8f373e8eec8a8876aed8057889721e539f957737"
            },
            "dist": {
                "type": "zip",
                "url": "https://api.github.com/repos/zhangweiwei0326/api-doc/zipball/8f373e8eec8a8876aed8057889721e539f957737",
                "reference": "8f373e8eec8a8876aed8057889721e539f957737",
                "shasum": "",
                "mirrors": [
                    {
                        "url": "https://dl.laravel-china.org/%package%/%reference%.%type%",
                        "preferred": true
                    }
                ]
            },
            "require": {
                "topthink/think-helper": ">=1.0.4",
                "topthink/think-installer": ">=1.0.10"
            },
            "type": "think-extend",
            "extra": {
                "think-config": {
                    "doc": "src/config.php"
                }
            },
            "autoload": {
                "psr-4": {
                    "Api\\Doc\\": "src"
                },
                "files": [
                    "src/helper.php"
                ]
            },
            "notification-url": "https://packagist.org/downloads/",
            "license": [
                "MIT"
            ],
            "authors": [
                {
                    "name": "weiwei",
                    "email": "1763692101@qq.com"
                }
            ],
            "description": "The ThinkPHP5 Api Doc Package",
            "time": "2018-06-04T08:09:16+00:00"
        },
        {
            "name": "zewail/think-api",
            "version": "v1.1.0-beta3",
            "source": {
                "type": "git",
                "url": "https://github.com/czewail/think-api.git",
                "reference": "4ce95867c6a32441d2740b6e30ca51a270cacfb6"
            },
            "dist": {
                "type": "zip",
                "url": "https://api.github.com/repos/czewail/think-api/zipball/4ce95867c6a32441d2740b6e30ca51a270cacfb6",
                "reference": "4ce95867c6a32441d2740b6e30ca51a270cacfb6",
                "shasum": "",
                "mirrors": [
                    {
                        "url": "https://dl.laravel-china.org/%package%/%reference%.%type%",
                        "preferred": true
                    }
                ]
            },
            "require": {
                "php": ">=5.6"
            },
            "type": "library",
            "autoload": {
                "psr-4": {
                    "Zewail\\Api\\": "src/"
                }
            },
            "notification-url": "https://packagist.org/downloads/",
            "license": [
                "MIT"
            ],
            "authors": [
                {
                    "name": "陈泽韦",
                    "email": "chanzewail@gmail.com"
                }
            ],
            "time": "2018-09-11T08:40:00+00:00"
        }
    ],
    "packages-dev": [],
    "aliases": [],
    "minimum-stability": "stable",
    "stability-flags": {
        "zewail/think-api": 10
    },
    "prefer-stable": false,
    "prefer-lowest": false,
    "platform": {
        "php": ">=5.6.0"
    },
    "platform-dev": []
}
